
Microsoft Visual Studio Solution File, Format Version 12.00
# Visual Studio Version 17
VisualStudioVersion = 17.7.34024.191
MinimumVisualStudioVersion = 10.0.40219.1
Project("{8BC9CEB8-8B4A-11D0-8D11-00A0C91BC942}") = "Task1", "Task1\Task1.vcxproj", "{6D8F7882-0992-441C-8246-93ED22A3582C}"
EndProject
Project("{8BC9CEB8-8B4A-11D0-8D11-00A0C91BC942}") = "Task2", "Task2\Task2.vcxproj", "{BB1CA703-2B98-482E-9410-8350D067580F}"
EndProject
Project("{8BC9CEB8-8B4A-11D0-8D11-00A0C91BC942}") = "Task3", "Task3\Task3.vcxproj", "{225EC6EB-6D18-43FE-BD19-1754096D4078}"
EndProject
Project("{8BC9CEB8-8B4A-11D0-8D11-00A0C91BC942}") = "Task4", "Task4\Task4.vcxproj", "{0C2495C3-2CAC-4B88-9DB5-E444755469B5}"
EndProject
Project("{8BC9CEB8-8B4A-11D0-8D11-00A0C91BC942}") = "Task7", "Task7\Task7.vcxproj", "{B08949F7-F9E1-4170-B680-EA8407A0634C}"
EndProject
Project("{8BC9CEB8-8B4A-11D0-8D11-00A0C91BC942}") = "Task8", "Task8\Task8.vcxproj", "{03741486-29FE-434B-825F-01CEF0AE94A8}"
EndProject
Project("{8BC9CEB8-8B4A-11D0-8D11-00A0C91BC942}") = "Task10", "Task10\Task10.vcxproj", "{A06D6E78-A083-4DA0-9FDF-E102965220A9}"
EndProject
Project("{8BC9CEB8-8B4A-11D0-8D11-00A0C91BC942}") = "Task15", "Task15\Task15.vcxproj", "{5450907C-C357-41FB-89F5-F4737B2F89AA}"
EndProject
Project("{8BC9CEB8-8B4A-11D0-8D11-00A0C91BC942}") = "Task9", "Task9\Task9.vcxproj", "{50A6F16E-D0AC-4C84-8663-96E4C4D2424C}"
EndProject
Project("{8BC9CEB8-8B4A-11D0-8D11-00A0C91BC942}") = "Task12", "Task12\Task12.vcxproj", "{624A76C7-AD7B-4E70-896C-B8B643C915E5}"
EndProject
Project("{8BC9CEB8-8B4A-11D0-8D11-00A0C91BC942}") = "Task11", "Task11\Task11.vcxproj", "{B132E0B4-AEB5-425D-818C-15ED8A229E05}"
EndProject
Project("{8BC9CEB8-8B4A-11D0-8D11-00A0C91BC942}") = "Task13", "Task13\Task13.vcxproj", "{1CEE6D03-9DC7-47BD-86E7-F1210B171E23}"
EndProject
Project("{8BC9CEB8-8B4A-11D0-8D11-00A0C91BC942}") = "Task14", "Task14\Task14.vcxproj", "{C3021122-05C7-48CE-93A1-07BDAE48D7AD}"
EndProject
Project("{8BC9CEB8-8B4A-11D0-8D11-00A0C91BC942}") = "Task16", "Task16\Task16.vcxproj", "{6E7AA0B4-AAA5-4D03-937C-8267B54E2648}"
EndProject
Project("{8BC9CEB8-8B4A-11D0-8D11-00A0C91BC942}") = "Task5", "Task5\Task5.vcxproj", "{398C5B96-225B-4FDC-B59C-12111F932133}"
EndProject
Project("{8BC9CEB8-8B4A-11D0-8D11-00A0C91BC942}") = "Task6", "Task6\Task6.vcxproj", "{61AFA68E-0404-4C43-BCDB-D756D854795A}"
EndProject
Global
	GlobalSection(SolutionConfigurationPlatforms) = preSolution
		Debug|x64 = Debug|x64
		Debug|x86 = Debug|x86
		Release|x64 = Release|x64
		Release|x86 = Release|x86
	EndGlobalSection
	GlobalSection(ProjectConfigurationPlatforms) = postSolution
		{6D8F7882-0992-441C-8246-93ED22A3582C}.Debug|x64.ActiveCfg = Debug|x64
		{6D8F7882-0992-441C-8246-93ED22A3582C}.Debug|x64.Build.0 = Debug|x64
		{6D8F7882-0992-441C-8246-93ED22A3582C}.Debug|x86.ActiveCfg = Debug|Win32
		{6D8F7882-0992-441C-8246-93ED22A3582C}.Debug|x86.Build.0 = Debug|Win32
		{6D8F7882-0992-441C-8246-93ED22A3582C}.Release|x64.ActiveCfg = Release|x64
		{6D8F7882-0992-441C-8246-93ED22A3582C}.Release|x64.Build.0 = Release|x64
		{6D8F7882-0992-441C-8246-93ED22A3582C}.Release|x86.ActiveCfg = Release|Win32
		{6D8F7882-0992-441C-8246-93ED22A3582C}.Release|x86.Build.0 = Release|Win32
		{BB1CA703-2B98-482E-9410-8350D067580F}.Debug|x64.ActiveCfg = Debug|x64
		{BB1CA703-2B98-482E-9410-8350D067580F}.Debug|x64.Build.0 = Debug|x64
		{BB1CA703-2B98-482E-9410-8350D067580F}.Debug|x86.ActiveCfg = Debug|Win32
		{BB1CA703-2B98-482E-9410-8350D067580F}.Debug|x86.Build.0 = Debug|Win32
		{BB1CA703-2B98-482E-9410-8350D067580F}.Release|x64.ActiveCfg = Release|x64
		{BB1CA703-2B98-482E-9410-8350D067580F}.Release|x64.Build.0 = Release|x64
		{BB1CA703-2B98-482E-9410-8350D067580F}.Release|x86.ActiveCfg = Release|Win32
		{BB1CA703-2B98-482E-9410-8350D067580F}.Release|x86.Build.0 = Release|Win32
		{225EC6EB-6D18-43FE-BD19-1754096D4078}.Debug|x64.ActiveCfg = Debug|x64
		{225EC6EB-6D18-43FE-BD19-1754096D4078}.Debug|x64.Build.0 = Debug|x64
		{225EC6EB-6D18-43FE-BD19-1754096D4078}.Debug|x86.ActiveCfg = Debug|Win32
		{225EC6EB-6D18-43FE-BD19-1754096D4078}.Debug|x86.Build.0 = Debug|Win32
		{225EC6EB-6D18-43FE-BD19-1754096D4078}.Release|x64.ActiveCfg = Release|x64
		{225EC6EB-6D18-43FE-BD19-1754096D4078}.Release|x64.Build.0 = Release|x64
		{225EC6EB-6D18-43FE-BD19-1754096D4078}.Release|x86.ActiveCfg = Release|Win32
		{225EC6EB-6D18-43FE-BD19-1754096D4078}.Release|x86.Build.0 = Release|Win32
		{0C2495C3-2CAC-4B88-9DB5-E444755469B5}.Debug|x64.ActiveCfg = Debug|x64
		{0C2495C3-2CAC-4B88-9DB5-E444755469B5}.Debug|x64.Build.0 = Debug|x64
		{0C2495C3-2CAC-4B88-9DB5-E444755469B5}.Debug|x86.ActiveCfg = Debug|Win32
		{0C2495C3-2CAC-4B88-9DB5-E444755469B5}.Debug|x86.Build.0 = Debug|Win32
		{0C2495C3-2CAC-4B88-9DB5-E444755469B5}.Release|x64.ActiveCfg = Release|x64
		{0C2495C3-2CAC-4B88-9DB5-E444755469B5}.Release|x64.Build.0 = Release|x64
		{0C2495C3-2CAC-4B88-9DB5-E444755469B5}.Release|x86.ActiveCfg = Release|Win32
		{0C2495C3-2CAC-4B88-9DB5-E444755469B5}.Release|x86.Build.0 = Release|Win32
		{B08949F7-F9E1-4170-B680-EA8407A0634C}.Debug|x64.ActiveCfg = Debug|x64
		{B08949F7-F9E1-4170-B680-EA8407A0634C}.Debug|x64.Build.0 = Debug|x64
		{B08949F7-F9E1-4170-B680-EA8407A0634C}.Debug|x86.ActiveCfg = Debug|Win32
		{B08949F7-F9E1-4170-B680-EA8407A0634C}.Debug|x86.Build.0 = Debug|Win32
		{B08949F7-F9E1-4170-B680-EA8407A0634C}.Release|x64.ActiveCfg = Release|x64
		{B08949F7-F9E1-4170-B680-EA8407A0634C}.Release|x64.Build.0 = Release|x64
		{B08949F7-F9E1-4170-B680-EA8407A0634C}.Release|x86.ActiveCfg = Release|Win32
		{B08949F7-F9E1-4170-B680-EA8407A0634C}.Release|x86.Build.0 = Release|Win32
		{03741486-29FE-434B-825F-01CEF0AE94A8}.Debug|x64.ActiveCfg = Debug|x64
		{03741486-29FE-434B-825F-01CEF0AE94A8}.Debug|x64.Build.0 = Debug|x64
		{03741486-29FE-434B-825F-01CEF0AE94A8}.Debug|x86.ActiveCfg = Debug|Win32
		{03741486-29FE-434B-825F-01CEF0AE94A8}.Debug|x86.Build.0 = Debug|Win32
		{03741486-29FE-434B-825F-01CEF0AE94A8}.Release|x64.ActiveCfg = Release|x64
		{03741486-29FE-434B-825F-01CEF0AE94A8}.Release|x64.Build.0 = Release|x64
		{03741486-29FE-434B-825F-01CEF0AE94A8}.Release|x86.ActiveCfg = Release|Win32
		{03741486-29FE-434B-825F-01CEF0AE94A8}.Release|x86.Build.0 = Release|Win32
		{A06D6E78-A083-4DA0-9FDF-E102965220A9}.Debug|x64.ActiveCfg = Debug|x64
		{A06D6E78-A083-4DA0-9FDF-E102965220A9}.Debug|x64.Build.0 = Debug|x64
		{A06D6E78-A083-4DA0-9FDF-E102965220A9}.Debug|x86.ActiveCfg = Debug|Win32
		{A06D6E78-A083-4DA0-9FDF-E102965220A9}.Debug|x86.Build.0 = Debug|Win32
		{A06D6E78-A083-4DA0-9FDF-E102965220A9}.Release|x64.ActiveCfg = Release|x64
		{A06D6E78-A083-4DA0-9FDF-E102965220A9}.Release|x64.Build.0 = Release|x64
		{A06D6E78-A083-4DA0-9FDF-E102965220A9}.Release|x86.ActiveCfg = Release|Win32
		{A06D6E78-A083-4DA0-9FDF-E102965220A9}.Release|x86.Build.0 = Release|Win32
		{5450907C-C357-41FB-89F5-F4737B2F89AA}.Debug|x64.ActiveCfg = Debug|x64
		{5450907C-C357-41FB-89F5-F4737B2F89AA}.Debug|x64.Build.0 = Debug|x64
		{5450907C-C357-41FB-89F5-F4737B2F89AA}.Debug|x86.ActiveCfg = Debug|Win32
		{5450907C-C357-41FB-89F5-F4737B2F89AA}.Debug|x86.Build.0 = Debug|Win32
		{5450907C-C357-41FB-89F5-F4737B2F89AA}.Release|x64.ActiveCfg = Release|x64
		{5450907C-C357-41FB-89F5-F4737B2F89AA}.Release|x64.Build.0 = Release|x64
		{5450907C-C357-41FB-89F5-F4737B2F89AA}.Release|x86.ActiveCfg = Release|Win32
		{5450907C-C357-41FB-89F5-F4737B2F89AA}.Release|x86.Build.0 = Release|Win32
		{50A6F16E-D0AC-4C84-8663-96E4C4D2424C}.Debug|x64.ActiveCfg = Debug|x64
		{50A6F16E-D0AC-4C84-8663-96E4C4D2424C}.Debug|x64.Build.0 = Debug|x64
		{50A6F16E-D0AC-4C84-8663-96E4C4D2424C}.Debug|x86.ActiveCfg = Debug|Win32
		{50A6F16E-D0AC-4C84-8663-96E4C4D2424C}.Debug|x86.Build.0 = Debug|Win32
		{50A6F16E-D0AC-4C84-8663-96E4C4D2424C}.Release|x64.ActiveCfg = Release|x64
		{50A6F16E-D0AC-4C84-8663-96E4C4D2424C}.Release|x64.Build.0 = Release|x64
		{50A6F16E-D0AC-4C84-8663-96E4C4D2424C}.Release|x86.ActiveCfg = Release|Win32
		{50A6F16E-D0AC-4C84-8663-96E4C4D2424C}.Release|x86.Build.0 = Release|Win32
		{624A76C7-AD7B-4E70-896C-B8B643C915E5}.Debug|x64.ActiveCfg = Debug|x64
		{624A76C7-AD7B-4E70-896C-B8B643C915E5}.Debug|x64.Build.0 = Debug|x64
		{624A76C7-AD7B-4E70-896C-B8B643C915E5}.Debug|x86.ActiveCfg = Debug|Win32
		{624A76C7-AD7B-4E70-896C-B8B643C915E5}.Debug|x86.Build.0 = Debug|Win32
		{624A76C7-AD7B-4E70-896C-B8B643C915E5}.Release|x64.ActiveCfg = Release|x64
		{624A76C7-AD7B-4E70-896C-B8B643C915E5}.Release|x64.Build.0 = Release|x64
		{624A76C7-AD7B-4E70-896C-B8B643C915E5}.Release|x86.ActiveCfg = Release|Win32
		{624A76C7-AD7B-4E70-896C-B8B643C915E5}.Release|x86.Build.0 = Release|Win32
		{B132E0B4-AEB5-425D-818C-15ED8A229E05}.Debug|x64.ActiveCfg = Debug|x64
		{B132E0B4-AEB5-425D-818C-15ED8A229E05}.Debug|x64.Build.0 = Debug|x64
		{B132E0B4-AEB5-425D-818C-15ED8A229E05}.Debug|x86.ActiveCfg = Debug|Win32
		{B132E0B4-AEB5-425D-818C-15ED8A229E05}.Debug|x86.Build.0 = Debug|Win32
		{B132E0B4-AEB5-425D-818C-15ED8A229E05}.Release|x64.ActiveCfg = Release|x64
		{B132E0B4-AEB5-425D-818C-15ED8A229E05}.Release|x64.Build.0 = Release|x64
		{B132E0B4-AEB5-425D-818C-15ED8A229E05}.Release|x86.ActiveCfg = Release|Win32
		{B132E0B4-AEB5-425D-818C-15ED8A229E05}.Release|x86.Build.0 = Release|Win32
		{1CEE6D03-9DC7-47BD-86E7-F1210B171E23}.Debug|x64.ActiveCfg = Debug|x64
		{1CEE6D03-9DC7-47BD-86E7-F1210B171E23}.Debug|x64.Build.0 = Debug|x64
		{1CEE6D03-9DC7-47BD-86E7-F1210B171E23}.Debug|x86.ActiveCfg = Debug|Win32
		{1CEE6D03-9DC7-47BD-86E7-F1210B171E23}.Debug|x86.Build.0 = Debug|Win32
		{1CEE6D03-9DC7-47BD-86E7-F1210B171E23}.Release|x64.ActiveCfg = Release|x64
		{1CEE6D03-9DC7-47BD-86E7-F1210B171E23}.Release|x64.Build.0 = Release|x64
		{1CEE6D03-9DC7-47BD-86E7-F1210B171E23}.Release|x86.ActiveCfg = Release|Win32
		{1CEE6D03-9DC7-47BD-86E7-F1210B171E23}.Release|x86.Build.0 = Release|Win32
		{C3021122-05C7-48CE-93A1-07BDAE48D7AD}.Debug|x64.ActiveCfg = Debug|x64
		{C3021122-05C7-48CE-93A1-07BDAE48D7AD}.Debug|x64.Build.0 = Debug|x64
		{C3021122-05C7-48CE-93A1-07BDAE48D7AD}.Debug|x86.ActiveCfg = Debug|Win32
		{C3021122-05C7-48CE-93A1-07BDAE48D7AD}.Debug|x86.Build.0 = Debug|Win32
		{C3021122-05C7-48CE-93A1-07BDAE48D7AD}.Release|x64.ActiveCfg = Release|x64
		{C3021122-05C7-48CE-93A1-07BDAE48D7AD}.Release|x64.Build.0 = Release|x64
		{C3021122-05C7-48CE-93A1-07BDAE48D7AD}.Release|x86.ActiveCfg = Release|Win32
		{C3021122-05C7-48CE-93A1-07BDAE48D7AD}.Release|x86.Build.0 = Release|Win32
		{6E7AA0B4-AAA5-4D03-937C-8267B54E2648}.Debug|x64.ActiveCfg = Debug|x64
		{6E7AA0B4-AAA5-4D03-937C-8267B54E2648}.Debug|x64.Build.0 = Debug|x64
		{6E7AA0B4-AAA5-4D03-937C-8267B54E2648}.Debug|x86.ActiveCfg = Debug|Win32
		{6E7AA0B4-AAA5-4D03-937C-8267B54E2648}.Debug|x86.Build.0 = Debug|Win32
		{6E7AA0B4-AAA5-4D03-937C-8267B54E2648}.Release|x64.ActiveCfg = Release|x64
		{6E7AA0B4-AAA5-4D03-937C-8267B54E2648}.Release|x64.Build.0 = Release|x64
		{6E7AA0B4-AAA5-4D03-937C-8267B54E2648}.Release|x86.ActiveCfg = Release|Win32
		{6E7AA0B4-AAA5-4D03-937C-8267B54E2648}.Release|x86.Build.0 = Release|Win32
		{398C5B96-225B-4FDC-B59C-12111F932133}.Debug|x64.ActiveCfg = Debug|x64
		{398C5B96-225B-4FDC-B59C-12111F932133}.Debug|x64.Build.0 = Debug|x64
		{398C5B96-225B-4FDC-B59C-12111F932133}.Debug|x86.ActiveCfg = Debug|Win32
		{398C5B96-225B-4FDC-B59C-12111F932133}.Debug|x86.Build.0 = Debug|Win32
		{398C5B96-225B-4FDC-B59C-12111F932133}.Release|x64.ActiveCfg = Release|x64
		{398C5B96-225B-4FDC-B59C-12111F932133}.Release|x64.Build.0 = Release|x64
		{398C5B96-225B-4FDC-B59C-12111F932133}.Release|x86.ActiveCfg = Release|Win32
		{398C5B96-225B-4FDC-B59C-12111F932133}.Release|x86.Build.0 = Release|Win32
		{61AFA68E-0404-4C43-BCDB-D756D854795A}.Debug|x64.ActiveCfg = Debug|x64
		{61AFA68E-0404-4C43-BCDB-D756D854795A}.Debug|x64.Build.0 = Debug|x64
		{61AFA68E-0404-4C43-BCDB-D756D854795A}.Debug|x86.ActiveCfg = Debug|Win32
		{61AFA68E-0404-4C43-BCDB-D756D854795A}.Debug|x86.Build.0 = Debug|Win32
		{61AFA68E-0404-4C43-BCDB-D756D854795A}.Release|x64.ActiveCfg = Release|x64
		{61AFA68E-0404-4C43-BCDB-D756D854795A}.Release|x64.Build.0 = Release|x64
		{61AFA68E-0404-4C43-BCDB-D756D854795A}.Release|x86.ActiveCfg = Release|Win32
		{61AFA68E-0404-4C43-BCDB-D756D854795A}.Release|x86.Build.0 = Release|Win32
	EndGlobalSection
	GlobalSection(SolutionProperties) = preSolution
		HideSolutionNode = FALSE
	EndGlobalSection
	GlobalSection(ExtensibilityGlobals) = postSolution
		SolutionGuid = {83322B04-242A-4C49-B92C-25CE5DC13F54}
	EndGlobalSection
EndGlobal
