
Microsoft Visual Studio Solution File, Format Version 12.00
# Visual Studio Version 17
VisualStudioVersion = 17.7.34024.191
MinimumVisualStudioVersion = 10.0.40219.1
Project("{8BC9CEB8-8B4A-11D0-8D11-00A0C91BC942}") = "Task1", "Task1\Task1.vcxproj", "{A337DDE1-3CD6-48E3-BE45-72ED3FAF0727}"
EndProject
Project("{8BC9CEB8-8B4A-11D0-8D11-00A0C91BC942}") = "Task2", "Task2\Task2.vcxproj", "{385F3224-4DAF-4E62-81AA-877734DF181A}"
EndProject
Project("{8BC9CEB8-8B4A-11D0-8D11-00A0C91BC942}") = "Task3", "Task3\Task3.vcxproj", "{8B096234-DB8F-4E93-BE5C-1C2CA387C366}"
EndProject
Project("{8BC9CEB8-8B4A-11D0-8D11-00A0C91BC942}") = "Task4", "Task4\Task4.vcxproj", "{B9B6446A-C009-47A1-AF05-DD96E014E0B3}"
EndProject
Project("{8BC9CEB8-8B4A-11D0-8D11-00A0C91BC942}") = "Task5", "Task5\Task5.vcxproj", "{32C85EEB-BECC-414F-86B5-9B1BB47477AD}"
EndProject
Project("{8BC9CEB8-8B4A-11D0-8D11-00A0C91BC942}") = "Task9", "Task9\Task9.vcxproj", "{DB24DA62-13E9-4211-92F0-9D08DB0AFBE2}"
EndProject
Project("{8BC9CEB8-8B4A-11D0-8D11-00A0C91BC942}") = "Task8", "Task8\Task8.vcxproj", "{5DF584B3-3C4C-4C0B-9B4F-A85DBA31C6AD}"
EndProject
Project("{8BC9CEB8-8B4A-11D0-8D11-00A0C91BC942}") = "Task6", "Task6\Task6.vcxproj", "{E7420F14-2109-4F76-ABCF-24D17B08BEF8}"
EndProject
Project("{8BC9CEB8-8B4A-11D0-8D11-00A0C91BC942}") = "Task7", "Task7\Task7.vcxproj", "{243EFD1F-1647-4020-8785-6A2816CF648E}"
EndProject
Global
	GlobalSection(SolutionConfigurationPlatforms) = preSolution
		Debug|x64 = Debug|x64
		Debug|x86 = Debug|x86
		Release|x64 = Release|x64
		Release|x86 = Release|x86
	EndGlobalSection
	GlobalSection(ProjectConfigurationPlatforms) = postSolution
		{A337DDE1-3CD6-48E3-BE45-72ED3FAF0727}.Debug|x64.ActiveCfg = Debug|x64
		{A337DDE1-3CD6-48E3-BE45-72ED3FAF0727}.Debug|x64.Build.0 = Debug|x64
		{A337DDE1-3CD6-48E3-BE45-72ED3FAF0727}.Debug|x86.ActiveCfg = Debug|Win32
		{A337DDE1-3CD6-48E3-BE45-72ED3FAF0727}.Debug|x86.Build.0 = Debug|Win32
		{A337DDE1-3CD6-48E3-BE45-72ED3FAF0727}.Release|x64.ActiveCfg = Release|x64
		{A337DDE1-3CD6-48E3-BE45-72ED3FAF0727}.Release|x64.Build.0 = Release|x64
		{A337DDE1-3CD6-48E3-BE45-72ED3FAF0727}.Release|x86.ActiveCfg = Release|Win32
		{A337DDE1-3CD6-48E3-BE45-72ED3FAF0727}.Release|x86.Build.0 = Release|Win32
		{385F3224-4DAF-4E62-81AA-877734DF181A}.Debug|x64.ActiveCfg = Debug|x64
		{385F3224-4DAF-4E62-81AA-877734DF181A}.Debug|x64.Build.0 = Debug|x64
		{385F3224-4DAF-4E62-81AA-877734DF181A}.Debug|x86.ActiveCfg = Debug|Win32
		{385F3224-4DAF-4E62-81AA-877734DF181A}.Debug|x86.Build.0 = Debug|Win32
		{385F3224-4DAF-4E62-81AA-877734DF181A}.Release|x64.ActiveCfg = Release|x64
		{385F3224-4DAF-4E62-81AA-877734DF181A}.Release|x64.Build.0 = Release|x64
		{385F3224-4DAF-4E62-81AA-877734DF181A}.Release|x86.ActiveCfg = Release|Win32
		{385F3224-4DAF-4E62-81AA-877734DF181A}.Release|x86.Build.0 = Release|Win32
		{8B096234-DB8F-4E93-BE5C-1C2CA387C366}.Debug|x64.ActiveCfg = Debug|x64
		{8B096234-DB8F-4E93-BE5C-1C2CA387C366}.Debug|x64.Build.0 = Debug|x64
		{8B096234-DB8F-4E93-BE5C-1C2CA387C366}.Debug|x86.ActiveCfg = Debug|Win32
		{8B096234-DB8F-4E93-BE5C-1C2CA387C366}.Debug|x86.Build.0 = Debug|Win32
		{8B096234-DB8F-4E93-BE5C-1C2CA387C366}.Release|x64.ActiveCfg = Release|x64
		{8B096234-DB8F-4E93-BE5C-1C2CA387C366}.Release|x64.Build.0 = Release|x64
		{8B096234-DB8F-4E93-BE5C-1C2CA387C366}.Release|x86.ActiveCfg = Release|Win32
		{8B096234-DB8F-4E93-BE5C-1C2CA387C366}.Release|x86.Build.0 = Release|Win32
		{B9B6446A-C009-47A1-AF05-DD96E014E0B3}.Debug|x64.ActiveCfg = Debug|x64
		{B9B6446A-C009-47A1-AF05-DD96E014E0B3}.Debug|x64.Build.0 = Debug|x64
		{B9B6446A-C009-47A1-AF05-DD96E014E0B3}.Debug|x86.ActiveCfg = Debug|Win32
		{B9B6446A-C009-47A1-AF05-DD96E014E0B3}.Debug|x86.Build.0 = Debug|Win32
		{B9B6446A-C009-47A1-AF05-DD96E014E0B3}.Release|x64.ActiveCfg = Release|x64
		{B9B6446A-C009-47A1-AF05-DD96E014E0B3}.Release|x64.Build.0 = Release|x64
		{B9B6446A-C009-47A1-AF05-DD96E014E0B3}.Release|x86.ActiveCfg = Release|Win32
		{B9B6446A-C009-47A1-AF05-DD96E014E0B3}.Release|x86.Build.0 = Release|Win32
		{32C85EEB-BECC-414F-86B5-9B1BB47477AD}.Debug|x64.ActiveCfg = Debug|x64
		{32C85EEB-BECC-414F-86B5-9B1BB47477AD}.Debug|x64.Build.0 = Debug|x64
		{32C85EEB-BECC-414F-86B5-9B1BB47477AD}.Debug|x86.ActiveCfg = Debug|Win32
		{32C85EEB-BECC-414F-86B5-9B1BB47477AD}.Debug|x86.Build.0 = Debug|Win32
		{32C85EEB-BECC-414F-86B5-9B1BB47477AD}.Release|x64.ActiveCfg = Release|x64
		{32C85EEB-BECC-414F-86B5-9B1BB47477AD}.Release|x64.Build.0 = Release|x64
		{32C85EEB-BECC-414F-86B5-9B1BB47477AD}.Release|x86.ActiveCfg = Release|Win32
		{32C85EEB-BECC-414F-86B5-9B1BB47477AD}.Release|x86.Build.0 = Release|Win32
		{DB24DA62-13E9-4211-92F0-9D08DB0AFBE2}.Debug|x64.ActiveCfg = Debug|x64
		{DB24DA62-13E9-4211-92F0-9D08DB0AFBE2}.Debug|x64.Build.0 = Debug|x64
		{DB24DA62-13E9-4211-92F0-9D08DB0AFBE2}.Debug|x86.ActiveCfg = Debug|Win32
		{DB24DA62-13E9-4211-92F0-9D08DB0AFBE2}.Debug|x86.Build.0 = Debug|Win32
		{DB24DA62-13E9-4211-92F0-9D08DB0AFBE2}.Release|x64.ActiveCfg = Release|x64
		{DB24DA62-13E9-4211-92F0-9D08DB0AFBE2}.Release|x64.Build.0 = Release|x64
		{DB24DA62-13E9-4211-92F0-9D08DB0AFBE2}.Release|x86.ActiveCfg = Release|Win32
		{DB24DA62-13E9-4211-92F0-9D08DB0AFBE2}.Release|x86.Build.0 = Release|Win32
		{5DF584B3-3C4C-4C0B-9B4F-A85DBA31C6AD}.Debug|x64.ActiveCfg = Debug|x64
		{5DF584B3-3C4C-4C0B-9B4F-A85DBA31C6AD}.Debug|x64.Build.0 = Debug|x64
		{5DF584B3-3C4C-4C0B-9B4F-A85DBA31C6AD}.Debug|x86.ActiveCfg = Debug|Win32
		{5DF584B3-3C4C-4C0B-9B4F-A85DBA31C6AD}.Debug|x86.Build.0 = Debug|Win32
		{5DF584B3-3C4C-4C0B-9B4F-A85DBA31C6AD}.Release|x64.ActiveCfg = Release|x64
		{5DF584B3-3C4C-4C0B-9B4F-A85DBA31C6AD}.Release|x64.Build.0 = Release|x64
		{5DF584B3-3C4C-4C0B-9B4F-A85DBA31C6AD}.Release|x86.ActiveCfg = Release|Win32
		{5DF584B3-3C4C-4C0B-9B4F-A85DBA31C6AD}.Release|x86.Build.0 = Release|Win32
		{E7420F14-2109-4F76-ABCF-24D17B08BEF8}.Debug|x64.ActiveCfg = Debug|x64
		{E7420F14-2109-4F76-ABCF-24D17B08BEF8}.Debug|x64.Build.0 = Debug|x64
		{E7420F14-2109-4F76-ABCF-24D17B08BEF8}.Debug|x86.ActiveCfg = Debug|Win32
		{E7420F14-2109-4F76-ABCF-24D17B08BEF8}.Debug|x86.Build.0 = Debug|Win32
		{E7420F14-2109-4F76-ABCF-24D17B08BEF8}.Release|x64.ActiveCfg = Release|x64
		{E7420F14-2109-4F76-ABCF-24D17B08BEF8}.Release|x64.Build.0 = Release|x64
		{E7420F14-2109-4F76-ABCF-24D17B08BEF8}.Release|x86.ActiveCfg = Release|Win32
		{E7420F14-2109-4F76-ABCF-24D17B08BEF8}.Release|x86.Build.0 = Release|Win32
		{243EFD1F-1647-4020-8785-6A2816CF648E}.Debug|x64.ActiveCfg = Debug|x64
		{243EFD1F-1647-4020-8785-6A2816CF648E}.Debug|x64.Build.0 = Debug|x64
		{243EFD1F-1647-4020-8785-6A2816CF648E}.Debug|x86.ActiveCfg = Debug|Win32
		{243EFD1F-1647-4020-8785-6A2816CF648E}.Debug|x86.Build.0 = Debug|Win32
		{243EFD1F-1647-4020-8785-6A2816CF648E}.Release|x64.ActiveCfg = Release|x64
		{243EFD1F-1647-4020-8785-6A2816CF648E}.Release|x64.Build.0 = Release|x64
		{243EFD1F-1647-4020-8785-6A2816CF648E}.Release|x86.ActiveCfg = Release|Win32
		{243EFD1F-1647-4020-8785-6A2816CF648E}.Release|x86.Build.0 = Release|Win32
	EndGlobalSection
	GlobalSection(SolutionProperties) = preSolution
		HideSolutionNode = FALSE
	EndGlobalSection
	GlobalSection(ExtensibilityGlobals) = postSolution
		SolutionGuid = {BC7657A0-B693-4706-A859-67BE82761027}
	EndGlobalSection
EndGlobal
