
Microsoft Visual Studio Solution File, Format Version 12.00
# Visual Studio Version 17
VisualStudioVersion = 17.7.34024.191
MinimumVisualStudioVersion = 10.0.40219.1
Project("{8BC9CEB8-8B4A-11D0-8D11-00A0C91BC942}") = "Task1", "Task1\Task1.vcxproj", "{A5DB2627-EC28-4A56-BC72-3D542EA43D13}"
EndProject
Project("{8BC9CEB8-8B4A-11D0-8D11-00A0C91BC942}") = "Task2", "Task2\Task2.vcxproj", "{7E7DCA4D-766B-4887-A595-84B4CE210202}"
EndProject
Project("{8BC9CEB8-8B4A-11D0-8D11-00A0C91BC942}") = "Task3", "Task3\Task3.vcxproj", "{D157EA75-B5C9-4924-BEB1-0BF0BF9D9E84}"
EndProject
Global
	GlobalSection(SolutionConfigurationPlatforms) = preSolution
		Debug|x64 = Debug|x64
		Debug|x86 = Debug|x86
		Release|x64 = Release|x64
		Release|x86 = Release|x86
	EndGlobalSection
	GlobalSection(ProjectConfigurationPlatforms) = postSolution
		{A5DB2627-EC28-4A56-BC72-3D542EA43D13}.Debug|x64.ActiveCfg = Debug|x64
		{A5DB2627-EC28-4A56-BC72-3D542EA43D13}.Debug|x64.Build.0 = Debug|x64
		{A5DB2627-EC28-4A56-BC72-3D542EA43D13}.Debug|x86.ActiveCfg = Debug|Win32
		{A5DB2627-EC28-4A56-BC72-3D542EA43D13}.Debug|x86.Build.0 = Debug|Win32
		{A5DB2627-EC28-4A56-BC72-3D542EA43D13}.Release|x64.ActiveCfg = Release|x64
		{A5DB2627-EC28-4A56-BC72-3D542EA43D13}.Release|x64.Build.0 = Release|x64
		{A5DB2627-EC28-4A56-BC72-3D542EA43D13}.Release|x86.ActiveCfg = Release|Win32
		{A5DB2627-EC28-4A56-BC72-3D542EA43D13}.Release|x86.Build.0 = Release|Win32
		{7E7DCA4D-766B-4887-A595-84B4CE210202}.Debug|x64.ActiveCfg = Debug|x64
		{7E7DCA4D-766B-4887-A595-84B4CE210202}.Debug|x64.Build.0 = Debug|x64
		{7E7DCA4D-766B-4887-A595-84B4CE210202}.Debug|x86.ActiveCfg = Debug|Win32
		{7E7DCA4D-766B-4887-A595-84B4CE210202}.Debug|x86.Build.0 = Debug|Win32
		{7E7DCA4D-766B-4887-A595-84B4CE210202}.Release|x64.ActiveCfg = Release|x64
		{7E7DCA4D-766B-4887-A595-84B4CE210202}.Release|x64.Build.0 = Release|x64
		{7E7DCA4D-766B-4887-A595-84B4CE210202}.Release|x86.ActiveCfg = Release|Win32
		{7E7DCA4D-766B-4887-A595-84B4CE210202}.Release|x86.Build.0 = Release|Win32
		{D157EA75-B5C9-4924-BEB1-0BF0BF9D9E84}.Debug|x64.ActiveCfg = Debug|x64
		{D157EA75-B5C9-4924-BEB1-0BF0BF9D9E84}.Debug|x64.Build.0 = Debug|x64
		{D157EA75-B5C9-4924-BEB1-0BF0BF9D9E84}.Debug|x86.ActiveCfg = Debug|Win32
		{D157EA75-B5C9-4924-BEB1-0BF0BF9D9E84}.Debug|x86.Build.0 = Debug|Win32
		{D157EA75-B5C9-4924-BEB1-0BF0BF9D9E84}.Release|x64.ActiveCfg = Release|x64
		{D157EA75-B5C9-4924-BEB1-0BF0BF9D9E84}.Release|x64.Build.0 = Release|x64
		{D157EA75-B5C9-4924-BEB1-0BF0BF9D9E84}.Release|x86.ActiveCfg = Release|Win32
		{D157EA75-B5C9-4924-BEB1-0BF0BF9D9E84}.Release|x86.Build.0 = Release|Win32
	EndGlobalSection
	GlobalSection(SolutionProperties) = preSolution
		HideSolutionNode = FALSE
	EndGlobalSection
	GlobalSection(ExtensibilityGlobals) = postSolution
		SolutionGuid = {DB0949BB-2422-4F1E-B852-620579CE3CB5}
	EndGlobalSection
EndGlobal
