
Microsoft Visual Studio Solution File, Format Version 12.00
# Visual Studio Version 17
VisualStudioVersion = 17.7.34024.191
MinimumVisualStudioVersion = 10.0.40219.1
Project("{8BC9CEB8-8B4A-11D0-8D11-00A0C91BC942}") = "Task1", "Project1\Project1.vcxproj", "{AC839297-1625-402B-88AA-069D142E6171}"
EndProject
Project("{8BC9CEB8-8B4A-11D0-8D11-00A0C91BC942}") = "Task2", "Task2\Task2.vcxproj", "{1C2349D2-FDFB-4C94-B7BB-36E5A91D4DE5}"
EndProject
Project("{8BC9CEB8-8B4A-11D0-8D11-00A0C91BC942}") = "Task3", "Task3\Task3.vcxproj", "{08A49B0D-2F98-4D3B-87DD-4D01A0D03600}"
EndProject
Project("{8BC9CEB8-8B4A-11D0-8D11-00A0C91BC942}") = "Task1", "Task1\Task1.vcxproj", "{91AADD8D-93C7-4CCF-8655-207516D8A217}"
EndProject
Project("{8BC9CEB8-8B4A-11D0-8D11-00A0C91BC942}") = "Task4", "Task4\Task4.vcxproj", "{2DA9823E-212A-4C4D-8835-6462128AE9E1}"
EndProject
Project("{8BC9CEB8-8B4A-11D0-8D11-00A0C91BC942}") = "Task5", "Task5\Task5.vcxproj", "{11174858-F377-4F5C-B5AC-044EE75278E1}"
EndProject
Project("{8BC9CEB8-8B4A-11D0-8D11-00A0C91BC942}") = "Task6", "Task6\Task6.vcxproj", "{862D845B-C8E9-4C08-9591-85C4F838F714}"
EndProject
Project("{8BC9CEB8-8B4A-11D0-8D11-00A0C91BC942}") = "Task7", "Task7\Task7.vcxproj", "{FABB97CC-D4B5-42F0-88F5-5FF38A7DD7BA}"
EndProject
Global
	GlobalSection(SolutionConfigurationPlatforms) = preSolution
		Debug|x64 = Debug|x64
		Debug|x86 = Debug|x86
		Release|x64 = Release|x64
		Release|x86 = Release|x86
	EndGlobalSection
	GlobalSection(ProjectConfigurationPlatforms) = postSolution
		{AC839297-1625-402B-88AA-069D142E6171}.Debug|x64.ActiveCfg = Debug|x64
		{AC839297-1625-402B-88AA-069D142E6171}.Debug|x64.Build.0 = Debug|x64
		{AC839297-1625-402B-88AA-069D142E6171}.Debug|x86.ActiveCfg = Debug|Win32
		{AC839297-1625-402B-88AA-069D142E6171}.Debug|x86.Build.0 = Debug|Win32
		{AC839297-1625-402B-88AA-069D142E6171}.Release|x64.ActiveCfg = Release|x64
		{AC839297-1625-402B-88AA-069D142E6171}.Release|x64.Build.0 = Release|x64
		{AC839297-1625-402B-88AA-069D142E6171}.Release|x86.ActiveCfg = Release|Win32
		{AC839297-1625-402B-88AA-069D142E6171}.Release|x86.Build.0 = Release|Win32
		{1C2349D2-FDFB-4C94-B7BB-36E5A91D4DE5}.Debug|x64.ActiveCfg = Debug|x64
		{1C2349D2-FDFB-4C94-B7BB-36E5A91D4DE5}.Debug|x64.Build.0 = Debug|x64
		{1C2349D2-FDFB-4C94-B7BB-36E5A91D4DE5}.Debug|x86.ActiveCfg = Debug|Win32
		{1C2349D2-FDFB-4C94-B7BB-36E5A91D4DE5}.Debug|x86.Build.0 = Debug|Win32
		{1C2349D2-FDFB-4C94-B7BB-36E5A91D4DE5}.Release|x64.ActiveCfg = Release|x64
		{1C2349D2-FDFB-4C94-B7BB-36E5A91D4DE5}.Release|x64.Build.0 = Release|x64
		{1C2349D2-FDFB-4C94-B7BB-36E5A91D4DE5}.Release|x86.ActiveCfg = Release|Win32
		{1C2349D2-FDFB-4C94-B7BB-36E5A91D4DE5}.Release|x86.Build.0 = Release|Win32
		{08A49B0D-2F98-4D3B-87DD-4D01A0D03600}.Debug|x64.ActiveCfg = Debug|x64
		{08A49B0D-2F98-4D3B-87DD-4D01A0D03600}.Debug|x64.Build.0 = Debug|x64
		{08A49B0D-2F98-4D3B-87DD-4D01A0D03600}.Debug|x86.ActiveCfg = Debug|Win32
		{08A49B0D-2F98-4D3B-87DD-4D01A0D03600}.Debug|x86.Build.0 = Debug|Win32
		{08A49B0D-2F98-4D3B-87DD-4D01A0D03600}.Release|x64.ActiveCfg = Release|x64
		{08A49B0D-2F98-4D3B-87DD-4D01A0D03600}.Release|x64.Build.0 = Release|x64
		{08A49B0D-2F98-4D3B-87DD-4D01A0D03600}.Release|x86.ActiveCfg = Release|Win32
		{08A49B0D-2F98-4D3B-87DD-4D01A0D03600}.Release|x86.Build.0 = Release|Win32
		{91AADD8D-93C7-4CCF-8655-207516D8A217}.Debug|x64.ActiveCfg = Debug|x64
		{91AADD8D-93C7-4CCF-8655-207516D8A217}.Debug|x64.Build.0 = Debug|x64
		{91AADD8D-93C7-4CCF-8655-207516D8A217}.Debug|x86.ActiveCfg = Debug|Win32
		{91AADD8D-93C7-4CCF-8655-207516D8A217}.Debug|x86.Build.0 = Debug|Win32
		{91AADD8D-93C7-4CCF-8655-207516D8A217}.Release|x64.ActiveCfg = Release|x64
		{91AADD8D-93C7-4CCF-8655-207516D8A217}.Release|x64.Build.0 = Release|x64
		{91AADD8D-93C7-4CCF-8655-207516D8A217}.Release|x86.ActiveCfg = Release|Win32
		{91AADD8D-93C7-4CCF-8655-207516D8A217}.Release|x86.Build.0 = Release|Win32
		{2DA9823E-212A-4C4D-8835-6462128AE9E1}.Debug|x64.ActiveCfg = Debug|x64
		{2DA9823E-212A-4C4D-8835-6462128AE9E1}.Debug|x64.Build.0 = Debug|x64
		{2DA9823E-212A-4C4D-8835-6462128AE9E1}.Debug|x86.ActiveCfg = Debug|Win32
		{2DA9823E-212A-4C4D-8835-6462128AE9E1}.Debug|x86.Build.0 = Debug|Win32
		{2DA9823E-212A-4C4D-8835-6462128AE9E1}.Release|x64.ActiveCfg = Release|x64
		{2DA9823E-212A-4C4D-8835-6462128AE9E1}.Release|x64.Build.0 = Release|x64
		{2DA9823E-212A-4C4D-8835-6462128AE9E1}.Release|x86.ActiveCfg = Release|Win32
		{2DA9823E-212A-4C4D-8835-6462128AE9E1}.Release|x86.Build.0 = Release|Win32
		{11174858-F377-4F5C-B5AC-044EE75278E1}.Debug|x64.ActiveCfg = Debug|x64
		{11174858-F377-4F5C-B5AC-044EE75278E1}.Debug|x64.Build.0 = Debug|x64
		{11174858-F377-4F5C-B5AC-044EE75278E1}.Debug|x86.ActiveCfg = Debug|Win32
		{11174858-F377-4F5C-B5AC-044EE75278E1}.Debug|x86.Build.0 = Debug|Win32
		{11174858-F377-4F5C-B5AC-044EE75278E1}.Release|x64.ActiveCfg = Release|x64
		{11174858-F377-4F5C-B5AC-044EE75278E1}.Release|x64.Build.0 = Release|x64
		{11174858-F377-4F5C-B5AC-044EE75278E1}.Release|x86.ActiveCfg = Release|Win32
		{11174858-F377-4F5C-B5AC-044EE75278E1}.Release|x86.Build.0 = Release|Win32
		{862D845B-C8E9-4C08-9591-85C4F838F714}.Debug|x64.ActiveCfg = Debug|x64
		{862D845B-C8E9-4C08-9591-85C4F838F714}.Debug|x64.Build.0 = Debug|x64
		{862D845B-C8E9-4C08-9591-85C4F838F714}.Debug|x86.ActiveCfg = Debug|Win32
		{862D845B-C8E9-4C08-9591-85C4F838F714}.Debug|x86.Build.0 = Debug|Win32
		{862D845B-C8E9-4C08-9591-85C4F838F714}.Release|x64.ActiveCfg = Release|x64
		{862D845B-C8E9-4C08-9591-85C4F838F714}.Release|x64.Build.0 = Release|x64
		{862D845B-C8E9-4C08-9591-85C4F838F714}.Release|x86.ActiveCfg = Release|Win32
		{862D845B-C8E9-4C08-9591-85C4F838F714}.Release|x86.Build.0 = Release|Win32
		{FABB97CC-D4B5-42F0-88F5-5FF38A7DD7BA}.Debug|x64.ActiveCfg = Debug|x64
		{FABB97CC-D4B5-42F0-88F5-5FF38A7DD7BA}.Debug|x64.Build.0 = Debug|x64
		{FABB97CC-D4B5-42F0-88F5-5FF38A7DD7BA}.Debug|x86.ActiveCfg = Debug|Win32
		{FABB97CC-D4B5-42F0-88F5-5FF38A7DD7BA}.Debug|x86.Build.0 = Debug|Win32
		{FABB97CC-D4B5-42F0-88F5-5FF38A7DD7BA}.Release|x64.ActiveCfg = Release|x64
		{FABB97CC-D4B5-42F0-88F5-5FF38A7DD7BA}.Release|x64.Build.0 = Release|x64
		{FABB97CC-D4B5-42F0-88F5-5FF38A7DD7BA}.Release|x86.ActiveCfg = Release|Win32
		{FABB97CC-D4B5-42F0-88F5-5FF38A7DD7BA}.Release|x86.Build.0 = Release|Win32
	EndGlobalSection
	GlobalSection(SolutionProperties) = preSolution
		HideSolutionNode = FALSE
	EndGlobalSection
	GlobalSection(ExtensibilityGlobals) = postSolution
		SolutionGuid = {E373E1B6-8B90-4995-AD02-8DC9A5C0C39C}
	EndGlobalSection
EndGlobal
